
Microsoft Visual Studio Solution File, Format Version 12.00
# Visual Studio 2013
VisualStudioVersion = 12.0.21005.1
MinimumVisualStudioVersion = 10.0.40219.1
Project("{FAE04EC0-301F-11D3-BF4B-00C04F79EFBC}") = "Scree.Attributes", "Src\Scree.Attributes\Scree.Attributes.csproj", "{C01BCA8F-6D18-4C84-B91F-FE965344659D}"
EndProject
Project("{FAE04EC0-301F-11D3-BF4B-00C04F79EFBC}") = "Scree.Cache", "Src\Scree.Cache\Scree.Cache.csproj", "{7684D00C-C53F-47B7-9E1F-21FBEA393BBA}"
EndProject
Project("{FAE04EC0-301F-11D3-BF4B-00C04F79EFBC}") = "Scree.Common", "Src\Scree.Common\Scree.Common.csproj", "{8290D9FA-0FD4-4DD4-B93E-D16CF226193C}"
EndProject
Project("{FAE04EC0-301F-11D3-BF4B-00C04F79EFBC}") = "Scree.Core.IoC", "Src\Scree.Core.IoC\Scree.Core.IoC.csproj", "{5ADBFDE4-2D53-43BF-AF0F-511926EAE1CC}"
EndProject
Project("{FAE04EC0-301F-11D3-BF4B-00C04F79EFBC}") = "Scree.DataBase", "Src\Scree.DataBase\Scree.DataBase.csproj", "{98F6BAAC-B04C-4D29-8AE9-51869C72F528}"
EndProject
Project("{FAE04EC0-301F-11D3-BF4B-00C04F79EFBC}") = "Scree.Lock", "Src\Scree.Lock\Scree.Lock.csproj", "{FBA1A432-5F11-48AC-89C5-3BF306FAC571}"
EndProject
Project("{FAE04EC0-301F-11D3-BF4B-00C04F79EFBC}") = "Scree.Lock.Client", "Src\Scree.Lock.Client\Scree.Lock.Client.csproj", "{772ADAEE-111C-4ED4-B0D4-CB935A69F251}"
EndProject
Project("{FAE04EC0-301F-11D3-BF4B-00C04F79EFBC}") = "Scree.Lock.Server", "Src\Scree.Lock.Server\Scree.Lock.Server.csproj", "{D9DFF65C-7979-4F7A-857F-4CB542CC5B4C}"
EndProject
Project("{FAE04EC0-301F-11D3-BF4B-00C04F79EFBC}") = "Scree.Log", "Src\Scree.Log\Scree.Log.csproj", "{E2DC6764-F6F6-42E7-A766-82C205B935B4}"
EndProject
Project("{FAE04EC0-301F-11D3-BF4B-00C04F79EFBC}") = "Scree.Persister", "Src\Scree.Persister\Scree.Persister.csproj", "{000DA3E8-B611-4A1A-A533-7CB44B593E40}"
EndProject
Project("{FAE04EC0-301F-11D3-BF4B-00C04F79EFBC}") = "Scree.Syn", "Src\Scree.Syn\Scree.Syn.csproj", "{8F502972-7357-4B53-926A-2DA6AADE7370}"
EndProject
Project("{FAE04EC0-301F-11D3-BF4B-00C04F79EFBC}") = "Scree.Syn.Client", "Src\Scree.Syn.Client\Scree.Syn.Client.csproj", "{0E047EBA-28E0-462C-A2DA-C07637C2A401}"
EndProject
Project("{FAE04EC0-301F-11D3-BF4B-00C04F79EFBC}") = "Scree.Syn.Server", "Src\Scree.Syn.Server\Scree.Syn.Server.csproj", "{793885E2-69C2-4B77-B098-B27AE78DC90E}"
EndProject
Project("{FAE04EC0-301F-11D3-BF4B-00C04F79EFBC}") = "Scree.SynServerService", "Src\Scree.SynServerService\Scree.SynServerService.csproj", "{9A1FE145-C317-4583-A0B7-B04BD5FB4B87}"
EndProject
Project("{2150E333-8FDC-42A3-9474-1A3956D46DE8}") = "Core", "Core", "{CC6C4F25-0E6B-4040-84E5-526F140F229E}"
EndProject
Project("{2150E333-8FDC-42A3-9474-1A3956D46DE8}") = "Lock", "Lock", "{B3EE0F74-56A3-4527-84EE-63AC23FC134B}"
EndProject
Project("{2150E333-8FDC-42A3-9474-1A3956D46DE8}") = "Syn", "Syn", "{734921CA-BC96-4E27-A117-5DAC76EBB457}"
EndProject
Project("{2150E333-8FDC-42A3-9474-1A3956D46DE8}") = "Src", "Src", "{831679D6-EA4D-48DE-B7F1-52B282DB7CCB}"
EndProject
Project("{2150E333-8FDC-42A3-9474-1A3956D46DE8}") = "Test", "Test", "{80DECE8D-C5BF-4FBE-B2BD-92B672700EB3}"
EndProject
Project("{2150E333-8FDC-42A3-9474-1A3956D46DE8}") = "SimpleExample", "SimpleExample", "{F34AE21B-9BBD-48AD-BF71-97AA00B2D97E}"
EndProject
Project("{FAE04EC0-301F-11D3-BF4B-00C04F79EFBC}") = "MyUI", "Test\SimpleExample\MyUI\MyUI.csproj", "{BA697529-E1E9-4BB1-B956-1DB54067688A}"
EndProject
Project("{2150E333-8FDC-42A3-9474-1A3956D46DE8}") = "AdvancedExample", "AdvancedExample", "{8F2304FB-97AD-4EAC-991A-D78EE427E02B}"
EndProject
Project("{FAE04EC0-301F-11D3-BF4B-00C04F79EFBC}") = "MyApp.MyUI", "Test\AdvancedExample\MyApp.MyUI\MyApp.MyUI.csproj", "{14372331-6394-4E1B-A743-6F3EF58D4BD0}"
EndProject
Project("{FAE04EC0-301F-11D3-BF4B-00C04F79EFBC}") = "MyApp.Models", "Test\AdvancedExample\MyApp.Models\MyApp.Models.csproj", "{A94C2C1B-7BDE-423A-A0A2-F7EAA23CFB71}"
EndProject
Project("{FAE04EC0-301F-11D3-BF4B-00C04F79EFBC}") = "MyApp.Services", "Test\AdvancedExample\MyApp.Services\MyApp.Services.csproj", "{7C15BAD4-7D1C-4787-AFD0-CD325D5D925E}"
EndProject
Project("{FAE04EC0-301F-11D3-BF4B-00C04F79EFBC}") = "Scree.LockServerService", "Src\Scree.LockServerService\Scree.LockServerService.csproj", "{5329FE62-3449-477B-B603-8E21AFAFD863}"
EndProject
Global
	GlobalSection(SolutionConfigurationPlatforms) = preSolution
		Debug|Any CPU = Debug|Any CPU
		Debug|Mixed Platforms = Debug|Mixed Platforms
		Debug|x86 = Debug|x86
		Release|Any CPU = Release|Any CPU
		Release|Mixed Platforms = Release|Mixed Platforms
		Release|x86 = Release|x86
	EndGlobalSection
	GlobalSection(ProjectConfigurationPlatforms) = postSolution
		{C01BCA8F-6D18-4C84-B91F-FE965344659D}.Debug|Any CPU.ActiveCfg = Debug|Any CPU
		{C01BCA8F-6D18-4C84-B91F-FE965344659D}.Debug|Any CPU.Build.0 = Debug|Any CPU
		{C01BCA8F-6D18-4C84-B91F-FE965344659D}.Debug|Mixed Platforms.ActiveCfg = Debug|Any CPU
		{C01BCA8F-6D18-4C84-B91F-FE965344659D}.Debug|Mixed Platforms.Build.0 = Debug|Any CPU
		{C01BCA8F-6D18-4C84-B91F-FE965344659D}.Debug|x86.ActiveCfg = Debug|Any CPU
		{C01BCA8F-6D18-4C84-B91F-FE965344659D}.Release|Any CPU.ActiveCfg = Release|Any CPU
		{C01BCA8F-6D18-4C84-B91F-FE965344659D}.Release|Any CPU.Build.0 = Release|Any CPU
		{C01BCA8F-6D18-4C84-B91F-FE965344659D}.Release|Mixed Platforms.ActiveCfg = Release|Any CPU
		{C01BCA8F-6D18-4C84-B91F-FE965344659D}.Release|Mixed Platforms.Build.0 = Release|Any CPU
		{C01BCA8F-6D18-4C84-B91F-FE965344659D}.Release|x86.ActiveCfg = Release|Any CPU
		{7684D00C-C53F-47B7-9E1F-21FBEA393BBA}.Debug|Any CPU.ActiveCfg = Debug|Any CPU
		{7684D00C-C53F-47B7-9E1F-21FBEA393BBA}.Debug|Any CPU.Build.0 = Debug|Any CPU
		{7684D00C-C53F-47B7-9E1F-21FBEA393BBA}.Debug|Mixed Platforms.ActiveCfg = Debug|Any CPU
		{7684D00C-C53F-47B7-9E1F-21FBEA393BBA}.Debug|Mixed Platforms.Build.0 = Debug|Any CPU
		{7684D00C-C53F-47B7-9E1F-21FBEA393BBA}.Debug|x86.ActiveCfg = Debug|Any CPU
		{7684D00C-C53F-47B7-9E1F-21FBEA393BBA}.Release|Any CPU.ActiveCfg = Release|Any CPU
		{7684D00C-C53F-47B7-9E1F-21FBEA393BBA}.Release|Any CPU.Build.0 = Release|Any CPU
		{7684D00C-C53F-47B7-9E1F-21FBEA393BBA}.Release|Mixed Platforms.ActiveCfg = Release|Any CPU
		{7684D00C-C53F-47B7-9E1F-21FBEA393BBA}.Release|Mixed Platforms.Build.0 = Release|Any CPU
		{7684D00C-C53F-47B7-9E1F-21FBEA393BBA}.Release|x86.ActiveCfg = Release|Any CPU
		{8290D9FA-0FD4-4DD4-B93E-D16CF226193C}.Debug|Any CPU.ActiveCfg = Debug|Any CPU
		{8290D9FA-0FD4-4DD4-B93E-D16CF226193C}.Debug|Any CPU.Build.0 = Debug|Any CPU
		{8290D9FA-0FD4-4DD4-B93E-D16CF226193C}.Debug|Mixed Platforms.ActiveCfg = Debug|Any CPU
		{8290D9FA-0FD4-4DD4-B93E-D16CF226193C}.Debug|Mixed Platforms.Build.0 = Debug|Any CPU
		{8290D9FA-0FD4-4DD4-B93E-D16CF226193C}.Debug|x86.ActiveCfg = Debug|Any CPU
		{8290D9FA-0FD4-4DD4-B93E-D16CF226193C}.Release|Any CPU.ActiveCfg = Release|Any CPU
		{8290D9FA-0FD4-4DD4-B93E-D16CF226193C}.Release|Any CPU.Build.0 = Release|Any CPU
		{8290D9FA-0FD4-4DD4-B93E-D16CF226193C}.Release|Mixed Platforms.ActiveCfg = Release|Any CPU
		{8290D9FA-0FD4-4DD4-B93E-D16CF226193C}.Release|Mixed Platforms.Build.0 = Release|Any CPU
		{8290D9FA-0FD4-4DD4-B93E-D16CF226193C}.Release|x86.ActiveCfg = Release|Any CPU
		{5ADBFDE4-2D53-43BF-AF0F-511926EAE1CC}.Debug|Any CPU.ActiveCfg = Debug|Any CPU
		{5ADBFDE4-2D53-43BF-AF0F-511926EAE1CC}.Debug|Any CPU.Build.0 = Debug|Any CPU
		{5ADBFDE4-2D53-43BF-AF0F-511926EAE1CC}.Debug|Mixed Platforms.ActiveCfg = Debug|Any CPU
		{5ADBFDE4-2D53-43BF-AF0F-511926EAE1CC}.Debug|Mixed Platforms.Build.0 = Debug|Any CPU
		{5ADBFDE4-2D53-43BF-AF0F-511926EAE1CC}.Debug|x86.ActiveCfg = Debug|Any CPU
		{5ADBFDE4-2D53-43BF-AF0F-511926EAE1CC}.Release|Any CPU.ActiveCfg = Release|Any CPU
		{5ADBFDE4-2D53-43BF-AF0F-511926EAE1CC}.Release|Any CPU.Build.0 = Release|Any CPU
		{5ADBFDE4-2D53-43BF-AF0F-511926EAE1CC}.Release|Mixed Platforms.ActiveCfg = Release|Any CPU
		{5ADBFDE4-2D53-43BF-AF0F-511926EAE1CC}.Release|Mixed Platforms.Build.0 = Release|Any CPU
		{5ADBFDE4-2D53-43BF-AF0F-511926EAE1CC}.Release|x86.ActiveCfg = Release|Any CPU
		{98F6BAAC-B04C-4D29-8AE9-51869C72F528}.Debug|Any CPU.ActiveCfg = Debug|Any CPU
		{98F6BAAC-B04C-4D29-8AE9-51869C72F528}.Debug|Any CPU.Build.0 = Debug|Any CPU
		{98F6BAAC-B04C-4D29-8AE9-51869C72F528}.Debug|Mixed Platforms.ActiveCfg = Debug|Any CPU
		{98F6BAAC-B04C-4D29-8AE9-51869C72F528}.Debug|Mixed Platforms.Build.0 = Debug|Any CPU
		{98F6BAAC-B04C-4D29-8AE9-51869C72F528}.Debug|x86.ActiveCfg = Debug|Any CPU
		{98F6BAAC-B04C-4D29-8AE9-51869C72F528}.Release|Any CPU.ActiveCfg = Release|Any CPU
		{98F6BAAC-B04C-4D29-8AE9-51869C72F528}.Release|Any CPU.Build.0 = Release|Any CPU
		{98F6BAAC-B04C-4D29-8AE9-51869C72F528}.Release|Mixed Platforms.ActiveCfg = Release|Any CPU
		{98F6BAAC-B04C-4D29-8AE9-51869C72F528}.Release|Mixed Platforms.Build.0 = Release|Any CPU
		{98F6BAAC-B04C-4D29-8AE9-51869C72F528}.Release|x86.ActiveCfg = Release|Any CPU
		{FBA1A432-5F11-48AC-89C5-3BF306FAC571}.Debug|Any CPU.ActiveCfg = Debug|Any CPU
		{FBA1A432-5F11-48AC-89C5-3BF306FAC571}.Debug|Any CPU.Build.0 = Debug|Any CPU
		{FBA1A432-5F11-48AC-89C5-3BF306FAC571}.Debug|Mixed Platforms.ActiveCfg = Debug|Any CPU
		{FBA1A432-5F11-48AC-89C5-3BF306FAC571}.Debug|Mixed Platforms.Build.0 = Debug|Any CPU
		{FBA1A432-5F11-48AC-89C5-3BF306FAC571}.Debug|x86.ActiveCfg = Debug|Any CPU
		{FBA1A432-5F11-48AC-89C5-3BF306FAC571}.Release|Any CPU.ActiveCfg = Release|Any CPU
		{FBA1A432-5F11-48AC-89C5-3BF306FAC571}.Release|Any CPU.Build.0 = Release|Any CPU
		{FBA1A432-5F11-48AC-89C5-3BF306FAC571}.Release|Mixed Platforms.ActiveCfg = Release|Any CPU
		{FBA1A432-5F11-48AC-89C5-3BF306FAC571}.Release|Mixed Platforms.Build.0 = Release|Any CPU
		{FBA1A432-5F11-48AC-89C5-3BF306FAC571}.Release|x86.ActiveCfg = Release|Any CPU
		{772ADAEE-111C-4ED4-B0D4-CB935A69F251}.Debug|Any CPU.ActiveCfg = Debug|Any CPU
		{772ADAEE-111C-4ED4-B0D4-CB935A69F251}.Debug|Any CPU.Build.0 = Debug|Any CPU
		{772ADAEE-111C-4ED4-B0D4-CB935A69F251}.Debug|Mixed Platforms.ActiveCfg = Debug|Any CPU
		{772ADAEE-111C-4ED4-B0D4-CB935A69F251}.Debug|Mixed Platforms.Build.0 = Debug|Any CPU
		{772ADAEE-111C-4ED4-B0D4-CB935A69F251}.Debug|x86.ActiveCfg = Debug|Any CPU
		{772ADAEE-111C-4ED4-B0D4-CB935A69F251}.Release|Any CPU.ActiveCfg = Release|Any CPU
		{772ADAEE-111C-4ED4-B0D4-CB935A69F251}.Release|Any CPU.Build.0 = Release|Any CPU
		{772ADAEE-111C-4ED4-B0D4-CB935A69F251}.Release|Mixed Platforms.ActiveCfg = Release|Any CPU
		{772ADAEE-111C-4ED4-B0D4-CB935A69F251}.Release|Mixed Platforms.Build.0 = Release|Any CPU
		{772ADAEE-111C-4ED4-B0D4-CB935A69F251}.Release|x86.ActiveCfg = Release|Any CPU
		{D9DFF65C-7979-4F7A-857F-4CB542CC5B4C}.Debug|Any CPU.ActiveCfg = Debug|Any CPU
		{D9DFF65C-7979-4F7A-857F-4CB542CC5B4C}.Debug|Any CPU.Build.0 = Debug|Any CPU
		{D9DFF65C-7979-4F7A-857F-4CB542CC5B4C}.Debug|Mixed Platforms.ActiveCfg = Debug|Any CPU
		{D9DFF65C-7979-4F7A-857F-4CB542CC5B4C}.Debug|Mixed Platforms.Build.0 = Debug|Any CPU
		{D9DFF65C-7979-4F7A-857F-4CB542CC5B4C}.Debug|x86.ActiveCfg = Debug|Any CPU
		{D9DFF65C-7979-4F7A-857F-4CB542CC5B4C}.Release|Any CPU.ActiveCfg = Release|Any CPU
		{D9DFF65C-7979-4F7A-857F-4CB542CC5B4C}.Release|Any CPU.Build.0 = Release|Any CPU
		{D9DFF65C-7979-4F7A-857F-4CB542CC5B4C}.Release|Mixed Platforms.ActiveCfg = Release|Any CPU
		{D9DFF65C-7979-4F7A-857F-4CB542CC5B4C}.Release|Mixed Platforms.Build.0 = Release|Any CPU
		{D9DFF65C-7979-4F7A-857F-4CB542CC5B4C}.Release|x86.ActiveCfg = Release|Any CPU
		{E2DC6764-F6F6-42E7-A766-82C205B935B4}.Debug|Any CPU.ActiveCfg = Debug|Any CPU
		{E2DC6764-F6F6-42E7-A766-82C205B935B4}.Debug|Any CPU.Build.0 = Debug|Any CPU
		{E2DC6764-F6F6-42E7-A766-82C205B935B4}.Debug|Mixed Platforms.ActiveCfg = Debug|Any CPU
		{E2DC6764-F6F6-42E7-A766-82C205B935B4}.Debug|Mixed Platforms.Build.0 = Debug|Any CPU
		{E2DC6764-F6F6-42E7-A766-82C205B935B4}.Debug|x86.ActiveCfg = Debug|Any CPU
		{E2DC6764-F6F6-42E7-A766-82C205B935B4}.Release|Any CPU.ActiveCfg = Release|Any CPU
		{E2DC6764-F6F6-42E7-A766-82C205B935B4}.Release|Any CPU.Build.0 = Release|Any CPU
		{E2DC6764-F6F6-42E7-A766-82C205B935B4}.Release|Mixed Platforms.ActiveCfg = Release|Any CPU
		{E2DC6764-F6F6-42E7-A766-82C205B935B4}.Release|Mixed Platforms.Build.0 = Release|Any CPU
		{E2DC6764-F6F6-42E7-A766-82C205B935B4}.Release|x86.ActiveCfg = Release|Any CPU
		{000DA3E8-B611-4A1A-A533-7CB44B593E40}.Debug|Any CPU.ActiveCfg = Debug|Any CPU
		{000DA3E8-B611-4A1A-A533-7CB44B593E40}.Debug|Any CPU.Build.0 = Debug|Any CPU
		{000DA3E8-B611-4A1A-A533-7CB44B593E40}.Debug|Mixed Platforms.ActiveCfg = Debug|Any CPU
		{000DA3E8-B611-4A1A-A533-7CB44B593E40}.Debug|Mixed Platforms.Build.0 = Debug|Any CPU
		{000DA3E8-B611-4A1A-A533-7CB44B593E40}.Debug|x86.ActiveCfg = Debug|Any CPU
		{000DA3E8-B611-4A1A-A533-7CB44B593E40}.Release|Any CPU.ActiveCfg = Release|Any CPU
		{000DA3E8-B611-4A1A-A533-7CB44B593E40}.Release|Any CPU.Build.0 = Release|Any CPU
		{000DA3E8-B611-4A1A-A533-7CB44B593E40}.Release|Mixed Platforms.ActiveCfg = Release|Any CPU
		{000DA3E8-B611-4A1A-A533-7CB44B593E40}.Release|Mixed Platforms.Build.0 = Release|Any CPU
		{000DA3E8-B611-4A1A-A533-7CB44B593E40}.Release|x86.ActiveCfg = Release|Any CPU
		{8F502972-7357-4B53-926A-2DA6AADE7370}.Debug|Any CPU.ActiveCfg = Debug|Any CPU
		{8F502972-7357-4B53-926A-2DA6AADE7370}.Debug|Any CPU.Build.0 = Debug|Any CPU
		{8F502972-7357-4B53-926A-2DA6AADE7370}.Debug|Mixed Platforms.ActiveCfg = Debug|Any CPU
		{8F502972-7357-4B53-926A-2DA6AADE7370}.Debug|Mixed Platforms.Build.0 = Debug|Any CPU
		{8F502972-7357-4B53-926A-2DA6AADE7370}.Debug|x86.ActiveCfg = Debug|Any CPU
		{8F502972-7357-4B53-926A-2DA6AADE7370}.Release|Any CPU.ActiveCfg = Release|Any CPU
		{8F502972-7357-4B53-926A-2DA6AADE7370}.Release|Any CPU.Build.0 = Release|Any CPU
		{8F502972-7357-4B53-926A-2DA6AADE7370}.Release|Mixed Platforms.ActiveCfg = Release|Any CPU
		{8F502972-7357-4B53-926A-2DA6AADE7370}.Release|Mixed Platforms.Build.0 = Release|Any CPU
		{8F502972-7357-4B53-926A-2DA6AADE7370}.Release|x86.ActiveCfg = Release|Any CPU
		{0E047EBA-28E0-462C-A2DA-C07637C2A401}.Debug|Any CPU.ActiveCfg = Debug|Any CPU
		{0E047EBA-28E0-462C-A2DA-C07637C2A401}.Debug|Any CPU.Build.0 = Debug|Any CPU
		{0E047EBA-28E0-462C-A2DA-C07637C2A401}.Debug|Mixed Platforms.ActiveCfg = Debug|Any CPU
		{0E047EBA-28E0-462C-A2DA-C07637C2A401}.Debug|Mixed Platforms.Build.0 = Debug|Any CPU
		{0E047EBA-28E0-462C-A2DA-C07637C2A401}.Debug|x86.ActiveCfg = Debug|Any CPU
		{0E047EBA-28E0-462C-A2DA-C07637C2A401}.Release|Any CPU.ActiveCfg = Release|Any CPU
		{0E047EBA-28E0-462C-A2DA-C07637C2A401}.Release|Any CPU.Build.0 = Release|Any CPU
		{0E047EBA-28E0-462C-A2DA-C07637C2A401}.Release|Mixed Platforms.ActiveCfg = Release|Any CPU
		{0E047EBA-28E0-462C-A2DA-C07637C2A401}.Release|Mixed Platforms.Build.0 = Release|Any CPU
		{0E047EBA-28E0-462C-A2DA-C07637C2A401}.Release|x86.ActiveCfg = Release|Any CPU
		{793885E2-69C2-4B77-B098-B27AE78DC90E}.Debug|Any CPU.ActiveCfg = Debug|Any CPU
		{793885E2-69C2-4B77-B098-B27AE78DC90E}.Debug|Any CPU.Build.0 = Debug|Any CPU
		{793885E2-69C2-4B77-B098-B27AE78DC90E}.Debug|Mixed Platforms.ActiveCfg = Debug|Any CPU
		{793885E2-69C2-4B77-B098-B27AE78DC90E}.Debug|Mixed Platforms.Build.0 = Debug|Any CPU
		{793885E2-69C2-4B77-B098-B27AE78DC90E}.Debug|x86.ActiveCfg = Debug|Any CPU
		{793885E2-69C2-4B77-B098-B27AE78DC90E}.Release|Any CPU.ActiveCfg = Release|Any CPU
		{793885E2-69C2-4B77-B098-B27AE78DC90E}.Release|Any CPU.Build.0 = Release|Any CPU
		{793885E2-69C2-4B77-B098-B27AE78DC90E}.Release|Mixed Platforms.ActiveCfg = Release|Any CPU
		{793885E2-69C2-4B77-B098-B27AE78DC90E}.Release|Mixed Platforms.Build.0 = Release|Any CPU
		{793885E2-69C2-4B77-B098-B27AE78DC90E}.Release|x86.ActiveCfg = Release|Any CPU
		{9A1FE145-C317-4583-A0B7-B04BD5FB4B87}.Debug|Any CPU.ActiveCfg = Debug|x86
		{9A1FE145-C317-4583-A0B7-B04BD5FB4B87}.Debug|Mixed Platforms.ActiveCfg = Debug|x86
		{9A1FE145-C317-4583-A0B7-B04BD5FB4B87}.Debug|Mixed Platforms.Build.0 = Debug|x86
		{9A1FE145-C317-4583-A0B7-B04BD5FB4B87}.Debug|x86.ActiveCfg = Debug|x86
		{9A1FE145-C317-4583-A0B7-B04BD5FB4B87}.Debug|x86.Build.0 = Debug|x86
		{9A1FE145-C317-4583-A0B7-B04BD5FB4B87}.Release|Any CPU.ActiveCfg = Release|x86
		{9A1FE145-C317-4583-A0B7-B04BD5FB4B87}.Release|Mixed Platforms.ActiveCfg = Release|x86
		{9A1FE145-C317-4583-A0B7-B04BD5FB4B87}.Release|Mixed Platforms.Build.0 = Release|x86
		{9A1FE145-C317-4583-A0B7-B04BD5FB4B87}.Release|x86.ActiveCfg = Release|x86
		{9A1FE145-C317-4583-A0B7-B04BD5FB4B87}.Release|x86.Build.0 = Release|x86
		{BA697529-E1E9-4BB1-B956-1DB54067688A}.Debug|Any CPU.ActiveCfg = Debug|Any CPU
		{BA697529-E1E9-4BB1-B956-1DB54067688A}.Debug|Any CPU.Build.0 = Debug|Any CPU
		{BA697529-E1E9-4BB1-B956-1DB54067688A}.Debug|Mixed Platforms.ActiveCfg = Debug|Any CPU
		{BA697529-E1E9-4BB1-B956-1DB54067688A}.Debug|Mixed Platforms.Build.0 = Debug|Any CPU
		{BA697529-E1E9-4BB1-B956-1DB54067688A}.Debug|x86.ActiveCfg = Debug|Any CPU
		{BA697529-E1E9-4BB1-B956-1DB54067688A}.Release|Any CPU.ActiveCfg = Release|Any CPU
		{BA697529-E1E9-4BB1-B956-1DB54067688A}.Release|Any CPU.Build.0 = Release|Any CPU
		{BA697529-E1E9-4BB1-B956-1DB54067688A}.Release|Mixed Platforms.ActiveCfg = Release|Any CPU
		{BA697529-E1E9-4BB1-B956-1DB54067688A}.Release|Mixed Platforms.Build.0 = Release|Any CPU
		{BA697529-E1E9-4BB1-B956-1DB54067688A}.Release|x86.ActiveCfg = Release|Any CPU
		{14372331-6394-4E1B-A743-6F3EF58D4BD0}.Debug|Any CPU.ActiveCfg = Debug|Any CPU
		{14372331-6394-4E1B-A743-6F3EF58D4BD0}.Debug|Any CPU.Build.0 = Debug|Any CPU
		{14372331-6394-4E1B-A743-6F3EF58D4BD0}.Debug|Mixed Platforms.ActiveCfg = Debug|Any CPU
		{14372331-6394-4E1B-A743-6F3EF58D4BD0}.Debug|Mixed Platforms.Build.0 = Debug|Any CPU
		{14372331-6394-4E1B-A743-6F3EF58D4BD0}.Debug|x86.ActiveCfg = Debug|Any CPU
		{14372331-6394-4E1B-A743-6F3EF58D4BD0}.Release|Any CPU.ActiveCfg = Release|Any CPU
		{14372331-6394-4E1B-A743-6F3EF58D4BD0}.Release|Any CPU.Build.0 = Release|Any CPU
		{14372331-6394-4E1B-A743-6F3EF58D4BD0}.Release|Mixed Platforms.ActiveCfg = Release|Any CPU
		{14372331-6394-4E1B-A743-6F3EF58D4BD0}.Release|Mixed Platforms.Build.0 = Release|Any CPU
		{14372331-6394-4E1B-A743-6F3EF58D4BD0}.Release|x86.ActiveCfg = Release|Any CPU
		{A94C2C1B-7BDE-423A-A0A2-F7EAA23CFB71}.Debug|Any CPU.ActiveCfg = Debug|Any CPU
		{A94C2C1B-7BDE-423A-A0A2-F7EAA23CFB71}.Debug|Any CPU.Build.0 = Debug|Any CPU
		{A94C2C1B-7BDE-423A-A0A2-F7EAA23CFB71}.Debug|Mixed Platforms.ActiveCfg = Debug|Any CPU
		{A94C2C1B-7BDE-423A-A0A2-F7EAA23CFB71}.Debug|Mixed Platforms.Build.0 = Debug|Any CPU
		{A94C2C1B-7BDE-423A-A0A2-F7EAA23CFB71}.Debug|x86.ActiveCfg = Debug|Any CPU
		{A94C2C1B-7BDE-423A-A0A2-F7EAA23CFB71}.Release|Any CPU.ActiveCfg = Release|Any CPU
		{A94C2C1B-7BDE-423A-A0A2-F7EAA23CFB71}.Release|Any CPU.Build.0 = Release|Any CPU
		{A94C2C1B-7BDE-423A-A0A2-F7EAA23CFB71}.Release|Mixed Platforms.ActiveCfg = Release|Any CPU
		{A94C2C1B-7BDE-423A-A0A2-F7EAA23CFB71}.Release|Mixed Platforms.Build.0 = Release|Any CPU
		{A94C2C1B-7BDE-423A-A0A2-F7EAA23CFB71}.Release|x86.ActiveCfg = Release|Any CPU
		{7C15BAD4-7D1C-4787-AFD0-CD325D5D925E}.Debug|Any CPU.ActiveCfg = Debug|Any CPU
		{7C15BAD4-7D1C-4787-AFD0-CD325D5D925E}.Debug|Any CPU.Build.0 = Debug|Any CPU
		{7C15BAD4-7D1C-4787-AFD0-CD325D5D925E}.Debug|Mixed Platforms.ActiveCfg = Debug|Any CPU
		{7C15BAD4-7D1C-4787-AFD0-CD325D5D925E}.Debug|Mixed Platforms.Build.0 = Debug|Any CPU
		{7C15BAD4-7D1C-4787-AFD0-CD325D5D925E}.Debug|x86.ActiveCfg = Debug|Any CPU
		{7C15BAD4-7D1C-4787-AFD0-CD325D5D925E}.Release|Any CPU.ActiveCfg = Release|Any CPU
		{7C15BAD4-7D1C-4787-AFD0-CD325D5D925E}.Release|Any CPU.Build.0 = Release|Any CPU
		{7C15BAD4-7D1C-4787-AFD0-CD325D5D925E}.Release|Mixed Platforms.ActiveCfg = Release|Any CPU
		{7C15BAD4-7D1C-4787-AFD0-CD325D5D925E}.Release|Mixed Platforms.Build.0 = Release|Any CPU
		{7C15BAD4-7D1C-4787-AFD0-CD325D5D925E}.Release|x86.ActiveCfg = Release|Any CPU
		{5329FE62-3449-477B-B603-8E21AFAFD863}.Debug|Any CPU.ActiveCfg = Debug|Any CPU
		{5329FE62-3449-477B-B603-8E21AFAFD863}.Debug|Any CPU.Build.0 = Debug|Any CPU
		{5329FE62-3449-477B-B603-8E21AFAFD863}.Debug|Mixed Platforms.ActiveCfg = Debug|Any CPU
		{5329FE62-3449-477B-B603-8E21AFAFD863}.Debug|Mixed Platforms.Build.0 = Debug|Any CPU
		{5329FE62-3449-477B-B603-8E21AFAFD863}.Debug|x86.ActiveCfg = Debug|Any CPU
		{5329FE62-3449-477B-B603-8E21AFAFD863}.Release|Any CPU.ActiveCfg = Release|Any CPU
		{5329FE62-3449-477B-B603-8E21AFAFD863}.Release|Any CPU.Build.0 = Release|Any CPU
		{5329FE62-3449-477B-B603-8E21AFAFD863}.Release|Mixed Platforms.ActiveCfg = Release|Any CPU
		{5329FE62-3449-477B-B603-8E21AFAFD863}.Release|Mixed Platforms.Build.0 = Release|Any CPU
		{5329FE62-3449-477B-B603-8E21AFAFD863}.Release|x86.ActiveCfg = Release|Any CPU
	EndGlobalSection
	GlobalSection(SolutionProperties) = preSolution
		HideSolutionNode = FALSE
	EndGlobalSection
	GlobalSection(NestedProjects) = preSolution
		{CC6C4F25-0E6B-4040-84E5-526F140F229E} = {831679D6-EA4D-48DE-B7F1-52B282DB7CCB}
		{B3EE0F74-56A3-4527-84EE-63AC23FC134B} = {831679D6-EA4D-48DE-B7F1-52B282DB7CCB}
		{734921CA-BC96-4E27-A117-5DAC76EBB457} = {831679D6-EA4D-48DE-B7F1-52B282DB7CCB}
		{8290D9FA-0FD4-4DD4-B93E-D16CF226193C} = {CC6C4F25-0E6B-4040-84E5-526F140F229E}
		{5ADBFDE4-2D53-43BF-AF0F-511926EAE1CC} = {CC6C4F25-0E6B-4040-84E5-526F140F229E}
		{98F6BAAC-B04C-4D29-8AE9-51869C72F528} = {CC6C4F25-0E6B-4040-84E5-526F140F229E}
		{E2DC6764-F6F6-42E7-A766-82C205B935B4} = {CC6C4F25-0E6B-4040-84E5-526F140F229E}
		{000DA3E8-B611-4A1A-A533-7CB44B593E40} = {CC6C4F25-0E6B-4040-84E5-526F140F229E}
		{7684D00C-C53F-47B7-9E1F-21FBEA393BBA} = {CC6C4F25-0E6B-4040-84E5-526F140F229E}
		{C01BCA8F-6D18-4C84-B91F-FE965344659D} = {CC6C4F25-0E6B-4040-84E5-526F140F229E}
		{772ADAEE-111C-4ED4-B0D4-CB935A69F251} = {B3EE0F74-56A3-4527-84EE-63AC23FC134B}
		{D9DFF65C-7979-4F7A-857F-4CB542CC5B4C} = {B3EE0F74-56A3-4527-84EE-63AC23FC134B}
		{FBA1A432-5F11-48AC-89C5-3BF306FAC571} = {B3EE0F74-56A3-4527-84EE-63AC23FC134B}
		{5329FE62-3449-477B-B603-8E21AFAFD863} = {B3EE0F74-56A3-4527-84EE-63AC23FC134B}
		{0E047EBA-28E0-462C-A2DA-C07637C2A401} = {734921CA-BC96-4E27-A117-5DAC76EBB457}
		{793885E2-69C2-4B77-B098-B27AE78DC90E} = {734921CA-BC96-4E27-A117-5DAC76EBB457}
		{9A1FE145-C317-4583-A0B7-B04BD5FB4B87} = {734921CA-BC96-4E27-A117-5DAC76EBB457}
		{8F502972-7357-4B53-926A-2DA6AADE7370} = {734921CA-BC96-4E27-A117-5DAC76EBB457}
		{F34AE21B-9BBD-48AD-BF71-97AA00B2D97E} = {80DECE8D-C5BF-4FBE-B2BD-92B672700EB3}
		{8F2304FB-97AD-4EAC-991A-D78EE427E02B} = {80DECE8D-C5BF-4FBE-B2BD-92B672700EB3}
		{BA697529-E1E9-4BB1-B956-1DB54067688A} = {F34AE21B-9BBD-48AD-BF71-97AA00B2D97E}
		{14372331-6394-4E1B-A743-6F3EF58D4BD0} = {8F2304FB-97AD-4EAC-991A-D78EE427E02B}
		{A94C2C1B-7BDE-423A-A0A2-F7EAA23CFB71} = {8F2304FB-97AD-4EAC-991A-D78EE427E02B}
		{7C15BAD4-7D1C-4787-AFD0-CD325D5D925E} = {8F2304FB-97AD-4EAC-991A-D78EE427E02B}
	EndGlobalSection
EndGlobal
